// !$*UTF8*$!
{
	archiveVersion = 1;
	classes = {
	};
	objectVersion = 46;
	objects = {

/* Begin PBXBuildFile section */
		74B9326D19AAEB4E003B6594 /* Foundation.framework in Frameworks */ = {isa = PBXBuildFile; fileRef = 74B9326C19AAEB4E003B6594 /* Foundation.framework */; };
		74B9326F19AAEB4E003B6594 /* CoreGraphics.framework in Frameworks */ = {isa = PBXBuildFile; fileRef = 74B9326E19AAEB4E003B6594 /* CoreGraphics.framework */; };
		74B9327119AAEB4E003B6594 /* UIKit.framework in Frameworks */ = {isa = PBXBuildFile; fileRef = 74B9327019AAEB4E003B6594 /* UIKit.framework */; };
		74B9327719AAEB4E003B6594 /* InfoPlist.strings in Resources */ = {isa = PBXBuildFile; fileRef = 74B9327519AAEB4E003B6594 /* InfoPlist.strings */; };
		74B9327919AAEB4E003B6594 /* main.m in Sources */ = {isa = PBXBuildFile; fileRef = 74B9327819AAEB4E003B6594 /* main.m */; };
		74B9327D19AAEB4E003B6594 /* xjyAppDelegate.m in Sources */ = {isa = PBXBuildFile; fileRef = 74B9327C19AAEB4E003B6594 /* xjyAppDelegate.m */; };
		74B9328019AAEB4E003B6594 /* Main_iPhone.storyboard in Resources */ = {isa = PBXBuildFile; fileRef = 74B9327E19AAEB4E003B6594 /* Main_iPhone.storyboard */; };
		74B9328319AAEB4E003B6594 /* Main_iPad.storyboard in Resources */ = {isa = PBXBuildFile; fileRef = 74B9328119AAEB4E003B6594 /* Main_iPad.storyboard */; };
		74B9328619AAEB4E003B6594 /* xjyViewController.m in Sources */ = {isa = PBXBuildFile; fileRef = 74B9328519AAEB4E003B6594 /* xjyViewController.m */; };
		74B9328819AAEB4E003B6594 /* Images.xcassets in Resources */ = {isa = PBXBuildFile; fileRef = 74B9328719AAEB4E003B6594 /* Images.xcassets */; };
		74B9328F19AAEB4E003B6594 /* XCTest.framework in Frameworks */ = {isa = PBXBuildFile; fileRef = 74B9328E19AAEB4E003B6594 /* XCTest.framework */; };
		74B9329019AAEB4E003B6594 /* Foundation.framework in Frameworks */ = {isa = PBXBuildFile; fileRef = 74B9326C19AAEB4E003B6594 /* Foundation.framework */; };
		74B9329119AAEB4E003B6594 /* UIKit.framework in Frameworks */ = {isa = PBXBuildFile; fileRef = 74B9327019AAEB4E003B6594 /* UIKit.framework */; };
		74B9329919AAEB4E003B6594 /* InfoPlist.strings in Resources */ = {isa = PBXBuildFile; fileRef = 74B9329719AAEB4E003B6594 /* InfoPlist.strings */; };
		74B9329B19AAEB4E003B6594 /* xiaojiaoyiTests.m in Sources */ = {isa = PBXBuildFile; fileRef = 74B9329A19AAEB4E003B6594 /* xiaojiaoyiTests.m */; };
/* End PBXBuildFile section */

/* Begin PBXContainerItemProxy section */
		74B9329219AAEB4E003B6594 /* PBXContainerItemProxy */ = {
			isa = PBXContainerItemProxy;
			containerPortal = 74B9326119AAEB4E003B6594 /* Project object */;
			proxyType = 1;
			remoteGlobalIDString = 74B9326819AAEB4E003B6594;
			remoteInfo = xiaojiaoyi;
		};
/* End PBXContainerItemProxy section */

/* Begin PBXFileReference section */
		74B9326919AAEB4E003B6594 /* xiaojiaoyi.app */ = {isa = PBXFileReference; explicitFileType = wrapper.application; includeInIndex = 0; path = xiaojiaoyi.app; sourceTree = BUILT_PRODUCTS_DIR; };
		74B9326C19AAEB4E003B6594 /* Foundation.framework */ = {isa = PBXFileReference; lastKnownFileType = wrapper.framework; name = Foundation.framework; path = System/Library/Frameworks/Foundation.framework; sourceTree = SDKROOT; };
		74B9326E19AAEB4E003B6594 /* CoreGraphics.framework */ = {isa = PBXFileReference; lastKnownFileType = wrapper.framework; name = CoreGraphics.framework; path = System/Library/Frameworks/CoreGraphics.framework; sourceTree = SDKROOT; };
		74B9327019AAEB4E003B6594 /* UIKit.framework */ = {isa = PBXFileReference; lastKnownFileType = wrapper.framework; name = UIKit.framework; path = System/Library/Frameworks/UIKit.framework; sourceTree = SDKROOT; };
		74B9327419AAEB4E003B6594 /* xiaojiaoyi-Info.plist */ = {isa = PBXFileReference; lastKnownFileType = text.plist.xml; path = "xiaojiaoyi-Info.plist"; sourceTree = "<group>"; };
		74B9327619AAEB4E003B6594 /* en */ = {isa = PBXFileReference; lastKnownFileType = text.plist.strings; name = en; path = en.lproj/InfoPlist.strings; sourceTree = "<group>"; };
		74B9327819AAEB4E003B6594 /* main.m */ = {isa = PBXFileReference; lastKnownFileType = sourcecode.c.objc; path = main.m; sourceTree = "<group>"; };
		74B9327A19AAEB4E003B6594 /* xiaojiaoyi-Prefix.pch */ = {isa = PBXFileReference; lastKnownFileType = sourcecode.c.h; path = "xiaojiaoyi-Prefix.pch"; sourceTree = "<group>"; };
		74B9327B19AAEB4E003B6594 /* xjyAppDelegate.h */ = {isa = PBXFileReference; lastKnownFileType = sourcecode.c.h; path = xjyAppDelegate.h; sourceTree = "<group>"; };
		74B9327C19AAEB4E003B6594 /* xjyAppDelegate.m */ = {isa = PBXFileReference; lastKnownFileType = sourcecode.c.objc; path = xjyAppDelegate.m; sourceTree = "<group>"; };
		74B9327F19AAEB4E003B6594 /* Base */ = {isa = PBXFileReference; lastKnownFileType = file.storyboard; name = Base; path = Base.lproj/Main_iPhone.storyboard; sourceTree = "<group>"; };
		74B9328219AAEB4E003B6594 /* Base */ = {isa = PBXFileReference; lastKnownFileType = file.storyboard; name = Base; path = Base.lproj/Main_iPad.storyboard; sourceTree = "<group>"; };
		74B9328419AAEB4E003B6594 /* xjyViewController.h */ = {isa = PBXFileReference; lastKnownFileType = sourcecode.c.h; path = xjyViewController.h; sourceTree = "<group>"; };
		74B9328519AAEB4E003B6594 /* xjyViewController.m */ = {isa = PBXFileReference; lastKnownFileType = sourcecode.c.objc; path = xjyViewController.m; sourceTree = "<group>"; };
		74B9328719AAEB4E003B6594 /* Images.xcassets */ = {isa = PBXFileReference; lastKnownFileType = folder.assetcatalog; path = Images.xcassets; sourceTree = "<group>"; };
		74B9328D19AAEB4E003B6594 /* xiaojiaoyiTests.xctest */ = {isa = PBXFileReference; explicitFileType = wrapper.cfbundle; includeInIndex = 0; path = xiaojiaoyiTests.xctest; sourceTree = BUILT_PRODUCTS_DIR; };
		74B9328E19AAEB4E003B6594 /* XCTest.framework */ = {isa = PBXFileReference; lastKnownFileType = wrapper.framework; name = XCTest.framework; path = Library/Frameworks/XCTest.framework; sourceTree = DEVELOPER_DIR; };
		74B9329619AAEB4E003B6594 /* xiaojiaoyiTests-Info.plist */ = {isa = PBXFileReference; lastKnownFileType = text.plist.xml; path = "xiaojiaoyiTests-Info.plist"; sourceTree = "<group>"; };
		74B9329819AAEB4E003B6594 /* en */ = {isa = PBXFileReference; lastKnownFileType = text.plist.strings; name = en; path = en.lproj/InfoPlist.strings; sourceTree = "<group>"; };
		74B9329A19AAEB4E003B6594 /* xiaojiaoyiTests.m */ = {isa = PBXFileReference; lastKnownFileType = sourcecode.c.objc; path = xiaojiaoyiTests.m; sourceTree = "<group>"; };
/* End PBXFileReference section */

/* Begin PBXFrameworksBuildPhase section */
		74B9326619AAEB4E003B6594 /* Frameworks */ = {
			isa = PBXFrameworksBuildPhase;
			buildActionMask = 2147483647;
			files = (
				74B9326F19AAEB4E003B6594 /* CoreGraphics.framework in Frameworks */,
				74B9327119AAEB4E003B6594 /* UIKit.framework in Frameworks */,
				74B9326D19AAEB4E003B6594 /* Foundation.framework in Frameworks */,
			);
			runOnlyForDeploymentPostprocessing = 0;
		};
		74B9328A19AAEB4E003B6594 /* Frameworks */ = {
			isa = PBXFrameworksBuildPhase;
			buildActionMask = 2147483647;
			files = (
				74B9328F19AAEB4E003B6594 /* XCTest.framework in Frameworks */,
				74B9329119AAEB4E003B6594 /* UIKit.framework in Frameworks */,
				74B9329019AAEB4E003B6594 /* Foundation.framework in Frameworks */,
			);
			runOnlyForDeploymentPostprocessing = 0;
		};
/* End PBXFrameworksBuildPhase section */

/* Begin PBXGroup section */
		74B9326019AAEB4E003B6594 = {
			isa = PBXGroup;
			children = (
				74B9327219AAEB4E003B6594 /* xiaojiaoyi */,
				74B9329419AAEB4E003B6594 /* xiaojiaoyiTests */,
				74B9326B19AAEB4E003B6594 /* Frameworks */,
				74B9326A19AAEB4E003B6594 /* Products */,
			);
			sourceTree = "<group>";
		};
		74B9326A19AAEB4E003B6594 /* Products */ = {
			isa = PBXGroup;
			children = (
				74B9326919AAEB4E003B6594 /* xiaojiaoyi.app */,
				74B9328D19AAEB4E003B6594 /* xiaojiaoyiTests.xctest */,
			);
			name = Products;
			sourceTree = "<group>";
		};
		74B9326B19AAEB4E003B6594 /* Frameworks */ = {
			isa = PBXGroup;
			children = (
				74B9326C19AAEB4E003B6594 /* Foundation.framework */,
				74B9326E19AAEB4E003B6594 /* CoreGraphics.framework */,
				74B9327019AAEB4E003B6594 /* UIKit.framework */,
				74B9328E19AAEB4E003B6594 /* XCTest.framework */,
			);
			name = Frameworks;
			sourceTree = "<group>";
		};
		74B9327219AAEB4E003B6594 /* xiaojiaoyi */ = {
			isa = PBXGroup;
			children = (
				74B9327B19AAEB4E003B6594 /* xjyAppDelegate.h */,
				74B9327C19AAEB4E003B6594 /* xjyAppDelegate.m */,
				74B9327E19AAEB4E003B6594 /* Main_iPhone.storyboard */,
				74B9328119AAEB4E003B6594 /* Main_iPad.storyboard */,
				74B9328419AAEB4E003B6594 /* xjyViewController.h */,
				74B9328519AAEB4E003B6594 /* xjyViewController.m */,
				74B9328719AAEB4E003B6594 /* Images.xcassets */,
				74B9327319AAEB4E003B6594 /* Supporting Files */,
			);
			path = xiaojiaoyi;
			sourceTree = "<group>";
		};
		74B9327319AAEB4E003B6594 /* Supporting Files */ = {
			isa = PBXGroup;
			children = (
				74B9327419AAEB4E003B6594 /* xiaojiaoyi-Info.plist */,
				74B9327519AAEB4E003B6594 /* InfoPlist.strings */,
				74B9327819AAEB4E003B6594 /* main.m */,
				74B9327A19AAEB4E003B6594 /* xiaojiaoyi-Prefix.pch */,
			);
			name = "Supporting Files";
			sourceTree = "<group>";
		};
		74B9329419AAEB4E003B6594 /* xiaojiaoyiTests */ = {
			isa = PBXGroup;
			children = (
				74B9329A19AAEB4E003B6594 /* xiaojiaoyiTests.m */,
				74B9329519AAEB4E003B6594 /* Supporting Files */,
			);
			path = xiaojiaoyiTests;
			sourceTree = "<group>";
		};
		74B9329519AAEB4E003B6594 /* Supporting Files */ = {
			isa = PBXGroup;
			children = (
				74B9329619AAEB4E003B6594 /* xiaojiaoyiTests-Info.plist */,
				74B9329719AAEB4E003B6594 /* InfoPlist.strings */,
			);
			name = "Supporting Files";
			sourceTree = "<group>";
		};
/* End PBXGroup section */

/* Begin PBXNativeTarget section */
		74B9326819AAEB4E003B6594 /* xiaojiaoyi */ = {
			isa = PBXNativeTarget;
			buildConfigurationList = 74B9329E19AAEB4E003B6594 /* Build configuration list for PBXNativeTarget "xiaojiaoyi" */;
			buildPhases = (
				74B9326519AAEB4E003B6594 /* Sources */,
				74B9326619AAEB4E003B6594 /* Frameworks */,
				74B9326719AAEB4E003B6594 /* Resources */,
			);
			buildRules = (
			);
			dependencies = (
			);
			name = xiaojiaoyi;
			productName = xiaojiaoyi;
			productReference = 74B9326919AAEB4E003B6594 /* xiaojiaoyi.app */;
			productType = "com.apple.product-type.application";
		};
		74B9328C19AAEB4E003B6594 /* xiaojiaoyiTests */ = {
			isa = PBXNativeTarget;
			buildConfigurationList = 74B932A119AAEB4E003B6594 /* Build configuration list for PBXNativeTarget "xiaojiaoyiTests" */;
			buildPhases = (
				74B9328919AAEB4E003B6594 /* Sources */,
				74B9328A19AAEB4E003B6594 /* Frameworks */,
				74B9328B19AAEB4E003B6594 /* Resources */,
			);
			buildRules = (
			);
			dependencies = (
				74B9329319AAEB4E003B6594 /* PBXTargetDependency */,
			);
			name = xiaojiaoyiTests;
			productName = xiaojiaoyiTests;
			productReference = 74B9328D19AAEB4E003B6594 /* xiaojiaoyiTests.xctest */;
			productType = "com.apple.product-type.bundle.unit-test";
		};
/* End PBXNativeTarget section */

/* Begin PBXProject section */
		74B9326119AAEB4E003B6594 /* Project object */ = {
			isa = PBXProject;
			attributes = {
				CLASSPREFIX = xjy;
				LastUpgradeCheck = 0510;
				ORGANIZATIONNAME = com.practice;
				TargetAttributes = {
					74B9328C19AAEB4E003B6594 = {
						TestTargetID = 74B9326819AAEB4E003B6594;
					};
				};
			};
			buildConfigurationList = 74B9326419AAEB4E003B6594 /* Build configuration list for PBXProject "xiaojiaoyi" */;
			compatibilityVersion = "Xcode 3.2";
			developmentRegion = English;
			hasScannedForEncodings = 0;
			knownRegions = (
				en,
				Base,
			);
			mainGroup = 74B9326019AAEB4E003B6594;
			productRefGroup = 74B9326A19AAEB4E003B6594 /* Products */;
			projectDirPath = "";
			projectRoot = "";
			targets = (
				74B9326819AAEB4E003B6594 /* xiaojiaoyi */,
				74B9328C19AAEB4E003B6594 /* xiaojiaoyiTests */,
			);
		};
/* End PBXProject section */

/* Begin PBXResourcesBuildPhase section */
		74B9326719AAEB4E003B6594 /* Resources */ = {
			isa = PBXResourcesBuildPhase;
			buildActionMask = 2147483647;
			files = (
				74B9328319AAEB4E003B6594 /* Main_iPad.storyboard in Resources */,
				74B9328819AAEB4E003B6594 /* Images.xcassets in Resources */,
				74B9328019AAEB4E003B6594 /* Main_iPhone.storyboard in Resources */,
				74B9327719AAEB4E003B6594 /* InfoPlist.strings in Resources */,
			);
			runOnlyForDeploymentPostprocessing = 0;
		};
		74B9328B19AAEB4E003B6594 /* Resources */ = {
			isa = PBXResourcesBuildPhase;
			buildActionMask = 2147483647;
			files = (
				74B9329919AAEB4E003B6594 /* InfoPlist.strings in Resources */,
			);
			runOnlyForDeploymentPostprocessing = 0;
		};
/* End PBXResourcesBuildPhase section */

/* Begin PBXSourcesBuildPhase section */
		74B9326519AAEB4E003B6594 /* Sources */ = {
			isa = PBXSourcesBuildPhase;
			buildActionMask = 2147483647;
			files = (
				74B9327D19AAEB4E003B6594 /* xjyAppDelegate.m in Sources */,
				74B9327919AAEB4E003B6594 /* main.m in Sources */,
				74B9328619AAEB4E003B6594 /* xjyViewController.m in Sources */,
			);
			runOnlyForDeploymentPostprocessing = 0;
		};
		74B9328919AAEB4E003B6594 /* Sources */ = {
			isa = PBXSourcesBuildPhase;
			buildActionMask = 2147483647;
			files = (
				74B9329B19AAEB4E003B6594 /* xiaojiaoyiTests.m in Sources */,
			);
			runOnlyForDeploymentPostprocessing = 0;
		};
/* End PBXSourcesBuildPhase section */

/* Begin PBXTargetDependency section */
		74B9329319AAEB4E003B6594 /* PBXTargetDependency */ = {
			isa = PBXTargetDependency;
			target = 74B9326819AAEB4E003B6594 /* xiaojiaoyi */;
			targetProxy = 74B9329219AAEB4E003B6594 /* PBXContainerItemProxy */;
		};
/* End PBXTargetDependency section */

/* Begin PBXVariantGroup section */
		74B9327519AAEB4E003B6594 /* InfoPlist.strings */ = {
			isa = PBXVariantGroup;
			children = (
				74B9327619AAEB4E003B6594 /* en */,
			);
			name = InfoPlist.strings;
			sourceTree = "<group>";
		};
		74B9327E19AAEB4E003B6594 /* Main_iPhone.storyboard */ = {
			isa = PBXVariantGroup;
			children = (
				74B9327F19AAEB4E003B6594 /* Base */,
			);
			name = Main_iPhone.storyboard;
			sourceTree = "<group>";
		};
		74B9328119AAEB4E003B6594 /* Main_iPad.storyboard */ = {
			isa = PBXVariantGroup;
			children = (
				74B9328219AAEB4E003B6594 /* Base */,
			);
			name = Main_iPad.storyboard;
			sourceTree = "<group>";
		};
		74B9329719AAEB4E003B6594 /* InfoPlist.strings */ = {
			isa = PBXVariantGroup;
			children = (
				74B9329819AAEB4E003B6594 /* en */,
			);
			name = InfoPlist.strings;
			sourceTree = "<group>";
		};
/* End PBXVariantGroup section */

/* Begin XCBuildConfiguration section */
		74B9329C19AAEB4E003B6594 /* Debug */ = {
			isa = XCBuildConfiguration;
			buildSettings = {
				ALWAYS_SEARCH_USER_PATHS = NO;
				CLANG_CXX_LANGUAGE_STANDARD = "gnu++0x";
				CLANG_CXX_LIBRARY = "libc++";
				CLANG_ENABLE_MODULES = YES;
				CLANG_ENABLE_OBJC_ARC = YES;
				CLANG_WARN_BOOL_CONVERSION = YES;
				CLANG_WARN_CONSTANT_CONVERSION = YES;
				CLANG_WARN_DIRECT_OBJC_ISA_USAGE = YES_ERROR;
				CLANG_WARN_EMPTY_BODY = YES;
				CLANG_WARN_ENUM_CONVERSION = YES;
				CLANG_WARN_INT_CONVERSION = YES;
				CLANG_WARN_OBJC_ROOT_CLASS = YES_ERROR;
				CLANG_WARN__DUPLICATE_METHOD_MATCH = YES;
				"CODE_SIGN_IDENTITY[sdk=iphoneos*]" = "iPhone Developer";
				COPY_PHASE_STRIP = NO;
				GCC_C_LANGUAGE_STANDARD = gnu99;
				GCC_DYNAMIC_NO_PIC = NO;
				GCC_OPTIMIZATION_LEVEL = 0;
				GCC_PREPROCESSOR_DEFINITIONS = (
					"DEBUG=1",
					"$(inherited)",
				);
				GCC_SYMBOLS_PRIVATE_EXTERN = NO;
				GCC_WARN_64_TO_32_BIT_CONVERSION = YES;
				GCC_WARN_ABOUT_RETURN_TYPE = YES_ERROR;
				GCC_WARN_UNDECLARED_SELECTOR = YES;
				GCC_WARN_UNINITIALIZED_AUTOS = YES_AGGRESSIVE;
				GCC_WARN_UNUSED_FUNCTION = YES;
				GCC_WARN_UNUSED_VARIABLE = YES;
				IPHONEOS_DEPLOYMENT_TARGET = 7.1;
				ONLY_ACTIVE_ARCH = YES;
				SDKROOT = iphoneos;
				TARGETED_DEVICE_FAMILY = "1,2";
			};
			name = Debug;
		};
		74B9329D19AAEB4E003B6594 /* Release */ = {
			isa = XCBuildConfiguration;
			buildSettings = {
				ALWAYS_SEARCH_USER_PATHS = NO;
				CLANG_CXX_LANGUAGE_STANDARD = "gnu++0x";
				CLANG_CXX_LIBRARY = "libc++";
				CLANG_ENABLE_MODULES = YES;
				CLANG_ENABLE_OBJC_ARC = YES;
				CLANG_WARN_BOOL_CONVERSION = YES;
				CLANG_WARN_CONSTANT_CONVERSION = YES;
				CLANG_WARN_DIRECT_OBJC_ISA_USAGE = YES_ERROR;
				CLANG_WARN_EMPTY_BODY = YES;
				CLANG_WARN_ENUM_CONVERSION = YES;
				CLANG_WARN_INT_CONVERSION = YES;
				CLANG_WARN_OBJC_ROOT_CLASS = YES_ERROR;
				CLANG_WARN__DUPLICATE_METHOD_MATCH = YES;
				"CODE_SIGN_IDENTITY[sdk=iphoneos*]" = "iPhone Developer";
				COPY_PHASE_STRIP = YES;
				ENABLE_NS_ASSERTIONS = NO;
				GCC_C_LANGUAGE_STANDARD = gnu99;
				GCC_WARN_64_TO_32_BIT_CONVERSION = YES;
				GCC_WARN_ABOUT_RETURN_TYPE = YES_ERROR;
				GCC_WARN_UNDECLARED_SELECTOR = YES;
				GCC_WARN_UNINITIALIZED_AUTOS = YES_AGGRESSIVE;
				GCC_WARN_UNUSED_FUNCTION = YES;
				GCC_WARN_UNUSED_VARIABLE = YES;
				IPHONEOS_DEPLOYMENT_TARGET = 7.1;
				SDKROOT = iphoneos;
				TARGETED_DEVICE_FAMILY = "1,2";
				VALIDATE_PRODUCT = YES;
			};
			name = Release;
		};
		74B9329F19AAEB4E003B6594 /* Debug */ = {
			isa = XCBuildConfiguration;
			buildSettings = {
				ASSETCATALOG_COMPILER_APPICON_NAME = AppIcon;
				ASSETCATALOG_COMPILER_LAUNCHIMAGE_NAME = LaunchImage;
				GCC_PRECOMPILE_PREFIX_HEADER = YES;
				GCC_PREFIX_HEADER = "xiaojiaoyi/xiaojiaoyi-Prefix.pch";
				INFOPLIST_FILE = "xiaojiaoyi/xiaojiaoyi-Info.plist";
				PRODUCT_NAME = "$(TARGET_NAME)";
				WRAPPER_EXTENSION = app;
			};
			name = Debug;
		};
		74B932A019AAEB4E003B6594 /* Release */ = {
			isa = XCBuildConfiguration;
			buildSettings = {
				ASSETCATALOG_COMPILER_APPICON_NAME = AppIcon;
				ASSETCATALOG_COMPILER_LAUNCHIMAGE_NAME = LaunchImage;
				GCC_PRECOMPILE_PREFIX_HEADER = YES;
				GCC_PREFIX_HEADER = "xiaojiaoyi/xiaojiaoyi-Prefix.pch";
				INFOPLIST_FILE = "xiaojiaoyi/xiaojiaoyi-Info.plist";
				PRODUCT_NAME = "$(TARGET_NAME)";
				WRAPPER_EXTENSION = app;
			};
			name = Release;
		};
		74B932A219AAEB4E003B6594 /* Debug */ = {
			isa = XCBuildConfiguration;
			buildSettings = {
				BUNDLE_LOADER = "$(BUILT_PRODUCTS_DIR)/xiaojiaoyi.app/xiaojiaoyi";
				FRAMEWORK_SEARCH_PATHS = (
					"$(SDKROOT)/Developer/Library/Frameworks",
					"$(inherited)",
					"$(DEVELOPER_FRAMEWORKS_DIR)",
				);
				GCC_PRECOMPILE_PREFIX_HEADER = YES;
				GCC_PREFIX_HEADER = "xiaojiaoyi/xiaojiaoyi-Prefix.pch";
				GCC_PREPROCESSOR_DEFINITIONS = (
					"DEBUG=1",
					"$(inherited)",
				);
				INFOPLIST_FILE = "xiaojiaoyiTests/xiaojiaoyiTests-Info.plist";
				PRODUCT_NAME = "$(TARGET_NAME)";
				TEST_HOST = "$(BUNDLE_LOADER)";
				WRAPPER_EXTENSION = xctest;
			};
			name = Debug;
		};
		74B932A319AAEB4E003B6594 /* Release */ = {
			isa = XCBuildConfiguration;
			buildSettings = {
				BUNDLE_LOADER = "$(BUILT_PRODUCTS_DIR)/xiaojiaoyi.app/xiaojiaoyi";
				FRAMEWORK_SEARCH_PATHS = (
					"$(SDKROOT)/Developer/Library/Frameworks",
					"$(inherited)",
					"$(DEVELOPER_FRAMEWORKS_DIR)",
				);
				GCC_PRECOMPILE_PREFIX_HEADER = YES;
				GCC_PREFIX_HEADER = "xiaojiaoyi/xiaojiaoyi-Prefix.pch";
				INFOPLIST_FILE = "xiaojiaoyiTests/xiaojiaoyiTests-Info.plist";
				PRODUCT_NAME = "$(TARGET_NAME)";
				TEST_HOST = "$(BUNDLE_LOADER)";
				WRAPPER_EXTENSION = xctest;
			};
			name = Release;
		};
/* End XCBuildConfiguration section */

/* Begin XCConfigurationList section */
		74B9326419AAEB4E003B6594 /* Build configuration list for PBXProject "xiaojiaoyi" */ = {
			isa = XCConfigurationList;
			buildConfigurations = (
				74B9329C19AAEB4E003B6594 /* Debug */,
				74B9329D19AAEB4E003B6594 /* Release */,
			);
			defaultConfigurationIsVisible = 0;
			defaultConfigurationName = Release;
		};
		74B9329E19AAEB4E003B6594 /* Build configuration list for PBXNativeTarget "xiaojiaoyi" */ = {
			isa = XCConfigurationList;
			buildConfigurations = (
				74B9329F19AAEB4E003B6594 /* Debug */,
				74B932A019AAEB4E003B6594 /* Release */,
			);
			defaultConfigurationIsVisible = 0;
		};
		74B932A119AAEB4E003B6594 /* Build configuration list for PBXNativeTarget "xiaojiaoyiTests" */ = {
			isa = XCConfigurationList;
			buildConfigurations = (
				74B932A219AAEB4E003B6594 /* Debug */,
				74B932A319AAEB4E003B6594 /* Release */,
			);
			defaultConfigurationIsVisible = 0;
		};
/* End XCConfigurationList section */
	};
	rootObject = 74B9326119AAEB4E003B6594 /* Project object */;
}
